{
  "requires": true,
  "lockfileVersion": 1,
  "dependencies": {
    "sweetalert2": {
      "version": "10.16.3",
      "resolved": "https://registry.npmjs.org/sweetalert2/-/sweetalert2-10.16.3.tgz",
      "integrity": "sha512-ZSr+U9crlg1+wIf+S7BGBO5LFlNFRh+UM6ZURGPX5o1h14hJs6UdOce059VQz7jzuFB+xsO5TSvShNvp5YTqGQ=="
    }
  }
}
